{
  "originHash" : "9311eb6130cad48619ba3c6149d2f85057256858242ada6d7b887716ef272c77",
  "pins" : [
    {
      "identity" : "aexml",
      "kind" : "remoteSourceControl",
      "location" : "https://github.com/tadija/AEXML.git",
      "state" : {
        "revision" : "db806756c989760b35108146381535aec231092b",
        "version" : "4.7.0"
      }
    },
    {
      "identity" : "bluersa",
      "kind" : "remoteSourceControl",
      "location" : "https://github.com/IBM-Swift/BlueRSA",
      "state" : {
        "revision" : "8ea901f2582296837d88f882b0fa5a0601759598",
        "version" : "1.0.35"
      }
    },
    {
      "identity" : "cryptoswift",
      "kind" : "remoteSourceControl",
      "location" : "https://github.com/krzyzanowskim/CryptoSwift.git",
      "state" : {
        "revision" : "a44caef0550c346e0ab9172f7c9a3852c1833599",
        "version" : "1.3.0"
      }
    },
    {
      "identity" : "gzipswift",
      "kind" : "remoteSourceControl",
      "location" : "https://github.com/1024jp/GzipSwift",
      "state" : {
        "revision" : "ba0b6cb51cc6202f896e469b87d2889a46b10d1b",
        "version" : "5.1.1"
      }
    },
    {
      "identity" : "jgprogresshud",
      "kind" : "remoteSourceControl",
      "location" : "https://github.com/JonasGessner/JGProgressHUD",
      "state" : {
        "revision" : "08d130dd614a743f813286f096804c43a6ffa3f6",
        "version" : "2.1.0"
      }
    },
    {
      "identity" : "keychainaccess",
      "kind" : "remoteSourceControl",
      "location" : "https://github.com/kishikawakatsumi/KeychainAccess",
      "state" : {
        "revision" : "b920ad7df3c73189dcdd4aa05c540849b2010dbf",
        "version" : "4.1.0"
      }
    },
    {
      "identity" : "preferences",
      "kind" : "remoteSourceControl",
      "location" : "https://github.com/sindresorhus/Preferences",
      "state" : {
        "revision" : "139484818fe4b6b89823fa462cab686b3a419928",
        "version" : "1.0.1"
      }
    },
    {
      "identity" : "reachability.swift",
      "kind" : "remoteSourceControl",
      "location" : "https://github.com/ashleymills/Reachability.swift",
      "state" : {
        "revision" : "98e968e7b6c1318fb61df23e347bc319761e8acb",
        "version" : "5.0.0"
      }
    },
    {
      "identity" : "socket.swift",
      "kind" : "remoteSourceControl",
      "location" : "https://github.com/BiAtoms/Socket.swift.git",
      "state" : {
        "revision" : "36911c13adfe12859ed43dcba878052b1897fcd3",
        "version" : "2.4.0"
      }
    },
    {
      "identity" : "sparkle",
      "kind" : "remoteSourceControl",
      "location" : "https://github.com/sparkle-project/Sparkle",
      "state" : {
        "revision" : "df074165274afaa39539c05d57b0832620775b11",
        "version" : "2.7.1"
      }
    }
  ],
  "version" : 3
}
